PODS:
  - GCDWebServer (3.4.1):
    - GCDWebServer/Core (= 3.4.1)
  - GCDWebServer/Core (3.4.1)
  - MDCDamerauLevenshtein (0.1.0)

DEPENDENCIES:
  - GCDWebServer (~> 3.0)
  - MDCDamerauLevenshtein (from `https://github.com/modocache/MDCDamerauLevenshtein.git`, branch `master`)

SPEC REPOS:
  https://github.com/cocoapods/specs.git:
    - GCDWebServer

EXTERNAL SOURCES:
  MDCDamerauLevenshtein:
    :branch: master
    :git: https://github.com/modocache/MDCDamerauLevenshtein.git

CHECKOUT OPTIONS:
  MDCDamerauLevenshtein:
    :commit: b8f6df6ed21ebe6ad3b71c1c563f913ea46fe941
    :git: https://github.com/modocache/MDCDamerauLevenshtein.git

SPEC CHECKSUMS:
  GCDWebServer: 1db60034fe0e78a4a8524bd6c7cd97cd3c589870
  MDCDamerauLevenshtein: 973db4b240863f3c6b64f076ef2c27a73a8af0bf

PODFILE CHECKSUM: 6dfaadd5c3c76e0885810ab77c729a97295320a4

COCOAPODS: 1.7.0.rc.1
