// !$*UTF8*$!
{
	archiveVersion = 1;
	classes = {
	};
	objectVersion = 46;
	objects = {

/* Begin PBXBuildFile section */
		0D29160819519CE500C4CE58 /* AppKit.framework in Frameworks */ = {isa = PBXBuildFile; fileRef = 0D29160719519CE500C4CE58 /* AppKit.framework */; };
		0D2BFD8F194588F400DE18D9 /* Images.xcassets in Resources */ = {isa = PBXBuildFile; fileRef = 0D2BFD8E194588F400DE18D9 /* Images.xcassets */; };
		0DE74BFE1978EC6A00040F3C /* him.png in Resources */ = {isa = PBXBuildFile; fileRef = 0DE74BFD1978EC6A00040F3C /* him.png */; };
		0DE74C001978F18E00040F3C /* him.icns in Resources */ = {isa = PBXBuildFile; fileRef = 0DE74BFF1978F18E00040F3C /* him.icns */; };
		3802CD8C22CF43BD00A7E2F9 /* JavaScriptCore.framework in Frameworks */ = {isa = PBXBuildFile; fileRef = 3802CD8B22CF43BD00A7E2F9 /* JavaScriptCore.framework */; };
		3802CD9A22CF591100A7E2F9 /* phonex_encoded_words.json in Resources */ = {isa = PBXBuildFile; fileRef = 3802CD9922CF591100A7E2F9 /* phonex_encoded_words.json */; };
		3804D23720F2FC2A00CF1BD9 /* NSScreen+PointConversion.m in Sources */ = {isa = PBXBuildFile; fileRef = 3804D23520F2FC2A00CF1BD9 /* NSScreen+PointConversion.m */; };
		3817857B22D0E2240091268E /* phonex.js in Resources */ = {isa = PBXBuildFile; fileRef = 3817857A22D0E2240091268E /* phonex.js */; };
		381CD8C622C60D610098764F /* WebServer.m in Sources */ = {isa = PBXBuildFile; fileRef = 381CD8C522C60D610098764F /* WebServer.m */; };
		3833665322DC8160004BA2D1 /* JavaScriptCore.framework in Frameworks */ = {isa = PBXBuildFile; fileRef = 3802CD8B22CF43BD00A7E2F9 /* JavaScriptCore.framework */; };
		3833665922DD6F45004BA2D1 /* TestConversionEngine.mm in Sources */ = {isa = PBXBuildFile; fileRef = 3833665822DD6F45004BA2D1 /* TestConversionEngine.mm */; };
		3843EC702283BE8E00F52003 /* words_with_frequency_and_translation_and_ipa.json in Resources */ = {isa = PBXBuildFile; fileRef = 3843EC6F2283BE8E00F52003 /* words_with_frequency_and_translation_and_ipa.json */; };
		386E1C0022DC5E9C000C6DCF /* ConversionEngine.mm in Sources */ = {isa = PBXBuildFile; fileRef = 386E1BFF22DC5E9B000C6DCF /* ConversionEngine.mm */; };
		38788DC9231EA73C0005685A /* cedict.json in Resources */ = {isa = PBXBuildFile; fileRef = 38788DC8231EA73B0005685A /* cedict.json */; };
		389468CB1F56A34A00EF1F5E /* web in Resources */ = {isa = PBXBuildFile; fileRef = 389468CA1F56A34A00EF1F5E /* web */; };
		389468D61F57C8CE00EF1F5E /* InputApplicationDelegate.m in Sources */ = {isa = PBXBuildFile; fileRef = 389468D51F57C8CE00EF1F5E /* InputApplicationDelegate.m */; };
		38A9EAC722CB424F003CCF52 /* Carbon.framework in Frameworks */ = {isa = PBXBuildFile; fileRef = 38A9EAC622CB424F003CCF52 /* Carbon.framework */; };
		38DD401A1F5800A400A276CB /* PreferencesMenu.xib in Resources */ = {isa = PBXBuildFile; fileRef = 38DD40191F5800A400A276CB /* PreferencesMenu.xib */; };
		8D11072B0486CEB800E47090 /* InfoPlist.strings in Resources */ = {isa = PBXBuildFile; fileRef = 089C165CFE840E0CC02AAC07 /* InfoPlist.strings */; };
		8D11072F0486CEB800E47090 /* Cocoa.framework in Frameworks */ = {isa = PBXBuildFile; fileRef = 1058C7A1FEA54F0111CA2CBB /* Cocoa.framework */; };
		8E90E6AE1DD558B60385D996 /* Pods_Tests.framework in Frameworks */ = {isa = PBXBuildFile; fileRef = 4893615A9331202D81738ED2 /* Pods_Tests.framework */; };
		DCF77A16FF93189F6E0F9759 /* Pods_hallelujah.framework in Frameworks */ = {isa = PBXBuildFile; fileRef = 5FB0BF03D3169932092E2A73 /* Pods_hallelujah.framework */; };
		E93074B70A5C264700470842 /* InputMethodKit.framework in Frameworks */ = {isa = PBXBuildFile; fileRef = E93074B60A5C264700470842 /* InputMethodKit.framework */; };
		F102C5A41F487D5A0005B03F /* libmarisa.a in Frameworks */ = {isa = PBXBuildFile; fileRef = F102C5A31F487D5A0005B03F /* libmarisa.a */; };
		F102C5A61F487DE80005B03F /* google_227800_words.bin in Resources */ = {isa = PBXBuildFile; fileRef = F102C5A51F487DE80005B03F /* google_227800_words.bin */; };
		F102C5AA1F4882C80005B03F /* main.mm in Sources */ = {isa = PBXBuildFile; fileRef = F102C5A91F4882C80005B03F /* main.mm */; };
		F102C5AC1F4882D30005B03F /* InputController.mm in Sources */ = {isa = PBXBuildFile; fileRef = F102C5AB1F4882D30005B03F /* InputController.mm */; };
		F109B4911E1A83AF00AA7A41 /* AnnotationWinController.m in Sources */ = {isa = PBXBuildFile; fileRef = F109B48F1E1A83AF00AA7A41 /* AnnotationWinController.m */; };
		F1BF613D22D4DF6F003B946F /* AnnotationWindow.xib in Resources */ = {isa = PBXBuildFile; fileRef = F1BF613B22D4DF6F003B946F /* AnnotationWindow.xib */; };
/* End PBXBuildFile section */

/* Begin PBXContainerItemProxy section */
		3802CD7E22CE034100A7E2F9 /* PBXContainerItemProxy */ = {
			isa = PBXContainerItemProxy;
			containerPortal = 29B97313FDCFA39411CA2CEA /* Project object */;
			proxyType = 1;
			remoteGlobalIDString = 8D1107260486CEB800E47090;
			remoteInfo = hallelujah;
		};
/* End PBXContainerItemProxy section */

/* Begin PBXFileReference section */
		0D29160719519CE500C4CE58 /* AppKit.framework */ = {isa = PBXFileReference; lastKnownFileType = wrapper.framework; name = AppKit.framework; path = System/Library/Frameworks/AppKit.framework; sourceTree = SDKROOT; };
		0D2BFD8E194588F400DE18D9 /* Images.xcassets */ = {isa = PBXFileReference; lastKnownFileType = folder.assetcatalog; name = Images.xcassets; path = hallelujah/Images.xcassets; sourceTree = "<group>"; };
		0DE74BFD1978EC6A00040F3C /* him.png */ = {isa = PBXFileReference; lastKnownFileType = image.png; path = him.png; sourceTree = "<group>"; };
		0DE74BFF1978F18E00040F3C /* him.icns */ = {isa = PBXFileReference; lastKnownFileType = image.icns; path = him.icns; sourceTree = "<group>"; };
		0F9B2D528219BB1952DEBE74 /* Pods-hallelujah.debug.xcconfig */ = {isa = PBXFileReference; includeInIndex = 1; lastKnownFileType = text.xcconfig; name = "Pods-hallelujah.debug.xcconfig"; path = "Pods/Target Support Files/Pods-hallelujah/Pods-hallelujah.debug.xcconfig"; sourceTree = "<group>"; };
		1058C7A1FEA54F0111CA2CBB /* Cocoa.framework */ = {isa = PBXFileReference; lastKnownFileType = wrapper.framework; name = Cocoa.framework; path = /System/Library/Frameworks/Cocoa.framework; sourceTree = "<absolute>"; };
		29B97324FDCFA39411CA2CEA /* AppKit.framework */ = {isa = PBXFileReference; lastKnownFileType = wrapper.framework; name = AppKit.framework; path = /System/Library/Frameworks/AppKit.framework; sourceTree = "<absolute>"; };
		29B97325FDCFA39411CA2CEA /* Foundation.framework */ = {isa = PBXFileReference; lastKnownFileType = wrapper.framework; name = Foundation.framework; path = /System/Library/Frameworks/Foundation.framework; sourceTree = "<absolute>"; };
		3802CD7922CE034100A7E2F9 /* Tests.xctest */ = {isa = PBXFileReference; explicitFileType = wrapper.cfbundle; includeInIndex = 0; path = Tests.xctest; sourceTree = BUILT_PRODUCTS_DIR; };
		3802CD7D22CE034100A7E2F9 /* Info.plist */ = {isa = PBXFileReference; lastKnownFileType = text.plist.xml; path = Info.plist; sourceTree = "<group>"; };
		3802CD8B22CF43BD00A7E2F9 /* JavaScriptCore.framework */ = {isa = PBXFileReference; lastKnownFileType = wrapper.framework; name = JavaScriptCore.framework; path = System/Library/Frameworks/JavaScriptCore.framework; sourceTree = SDKROOT; };
		3802CD9922CF591100A7E2F9 /* phonex_encoded_words.json */ = {isa = PBXFileReference; fileEncoding = 4; lastKnownFileType = text.json; name = phonex_encoded_words.json; path = dictionary/phonex_encoded_words.json; sourceTree = "<group>"; };
		3804D23520F2FC2A00CF1BD9 /* NSScreen+PointConversion.m */ = {isa = PBXFileReference; fileEncoding = 4; lastKnownFileType = sourcecode.c.objc; name = "NSScreen+PointConversion.m"; path = "src/NSScreen+PointConversion.m"; sourceTree = "<group>"; };
		3804D23620F2FC2A00CF1BD9 /* NSScreen+PointConversion.h */ = {isa = PBXFileReference; fileEncoding = 4; lastKnownFileType = sourcecode.c.h; name = "NSScreen+PointConversion.h"; path = "src/NSScreen+PointConversion.h"; sourceTree = "<group>"; };
		3817857A22D0E2240091268E /* phonex.js */ = {isa = PBXFileReference; fileEncoding = 4; lastKnownFileType = sourcecode.javascript; name = phonex.js; path = src/phonex.js; sourceTree = "<group>"; };
		381CD8C422C60D610098764F /* WebServer.h */ = {isa = PBXFileReference; fileEncoding = 4; lastKnownFileType = sourcecode.c.h; name = WebServer.h; path = src/WebServer.h; sourceTree = "<group>"; };
		381CD8C522C60D610098764F /* WebServer.m */ = {isa = PBXFileReference; fileEncoding = 4; lastKnownFileType = sourcecode.c.objc; name = WebServer.m; path = src/WebServer.m; sourceTree = "<group>"; };
		3833665822DD6F45004BA2D1 /* TestConversionEngine.mm */ = {isa = PBXFileReference; fileEncoding = 4; lastKnownFileType = sourcecode.cpp.objcpp; path = TestConversionEngine.mm; sourceTree = "<group>"; };
		3843EC6F2283BE8E00F52003 /* words_with_frequency_and_translation_and_ipa.json */ = {isa = PBXFileReference; fileEncoding = 4; lastKnownFileType = text.json; name = words_with_frequency_and_translation_and_ipa.json; path = dictionary/words_with_frequency_and_translation_and_ipa.json; sourceTree = "<group>"; };
		386E1BFC22DC5A54000C6DCF /* ConversionEngine.h */ = {isa = PBXFileReference; fileEncoding = 4; lastKnownFileType = sourcecode.c.h; name = ConversionEngine.h; path = src/ConversionEngine.h; sourceTree = "<group>"; };
		386E1BFF22DC5E9B000C6DCF /* ConversionEngine.mm */ = {isa = PBXFileReference; fileEncoding = 4; lastKnownFileType = sourcecode.cpp.objcpp; name = ConversionEngine.mm; path = src/ConversionEngine.mm; sourceTree = "<group>"; };
		38788DC8231EA73B0005685A /* cedict.json */ = {isa = PBXFileReference; fileEncoding = 4; lastKnownFileType = text.json; name = cedict.json; path = dictionary/cedict.json; sourceTree = "<group>"; };
		389468CA1F56A34A00EF1F5E /* web */ = {isa = PBXFileReference; lastKnownFileType = folder; path = web; sourceTree = "<group>"; };
		389468D41F57C8CE00EF1F5E /* InputApplicationDelegate.h */ = {isa = PBXFileReference; fileEncoding = 4; lastKnownFileType = sourcecode.c.h; name = InputApplicationDelegate.h; path = src/InputApplicationDelegate.h; sourceTree = "<group>"; };
		389468D51F57C8CE00EF1F5E /* InputApplicationDelegate.m */ = {isa = PBXFileReference; fileEncoding = 4; lastKnownFileType = sourcecode.c.objc; name = InputApplicationDelegate.m; path = src/InputApplicationDelegate.m; sourceTree = "<group>"; };
		38A9EAC522CB4136003CCF52 /* en */ = {isa = PBXFileReference; lastKnownFileType = text.plist.strings; name = en; path = en.lproj/InfoPlist.strings; sourceTree = "<group>"; };
		38A9EAC622CB424F003CCF52 /* Carbon.framework */ = {isa = PBXFileReference; lastKnownFileType = wrapper.framework; name = Carbon.framework; path = System/Library/Frameworks/Carbon.framework; sourceTree = SDKROOT; };
		38DD40191F5800A400A276CB /* PreferencesMenu.xib */ = {isa = PBXFileReference; fileEncoding = 4; lastKnownFileType = file.xib; path = PreferencesMenu.xib; sourceTree = "<group>"; };
		4893615A9331202D81738ED2 /* Pods_Tests.framework */ = {isa = PBXFileReference; explicitFileType = wrapper.framework; includeInIndex = 0; path = Pods_Tests.framework; sourceTree = BUILT_PRODUCTS_DIR; };
		5FB0BF03D3169932092E2A73 /* Pods_hallelujah.framework */ = {isa = PBXFileReference; explicitFileType = wrapper.framework; includeInIndex = 0; path = Pods_hallelujah.framework; sourceTree = BUILT_PRODUCTS_DIR; };
		8D1107310486CEB800E47090 /* Info.plist */ = {isa = PBXFileReference; fileEncoding = 4; lastKnownFileType = text.plist; path = Info.plist; sourceTree = "<group>"; };
		8D1107320486CEB800E47090 /* hallelujah.app */ = {isa = PBXFileReference; explicitFileType = wrapper.application; includeInIndex = 0; path = hallelujah.app; sourceTree = BUILT_PRODUCTS_DIR; };
		A9D7E75BEAC2280E777E4B6F /* Pods-Tests.release.xcconfig */ = {isa = PBXFileReference; includeInIndex = 1; lastKnownFileType = text.xcconfig; name = "Pods-Tests.release.xcconfig"; path = "Pods/Target Support Files/Pods-Tests/Pods-Tests.release.xcconfig"; sourceTree = "<group>"; };
		C821F631E5B6762735CA76CB /* Pods-hallelujah.release.xcconfig */ = {isa = PBXFileReference; includeInIndex = 1; lastKnownFileType = text.xcconfig; name = "Pods-hallelujah.release.xcconfig"; path = "Pods/Target Support Files/Pods-hallelujah/Pods-hallelujah.release.xcconfig"; sourceTree = "<group>"; };
		C82BE1A7E1A45D2695354D87 /* Pods-Tests.debug.xcconfig */ = {isa = PBXFileReference; includeInIndex = 1; lastKnownFileType = text.xcconfig; name = "Pods-Tests.debug.xcconfig"; path = "Pods/Target Support Files/Pods-Tests/Pods-Tests.debug.xcconfig"; sourceTree = "<group>"; };
		E93074B60A5C264700470842 /* InputMethodKit.framework */ = {isa = PBXFileReference; lastKnownFileType = wrapper.framework; name = InputMethodKit.framework; path = /System/Library/Frameworks/InputMethodKit.framework; sourceTree = "<absolute>"; };
		F102C5A31F487D5A0005B03F /* libmarisa.a */ = {isa = PBXFileReference; lastKnownFileType = archive.ar; name = libmarisa.a; path = lib/libmarisa.a; sourceTree = "<group>"; };
		F102C5A51F487DE80005B03F /* google_227800_words.bin */ = {isa = PBXFileReference; lastKnownFileType = archive.macbinary; name = google_227800_words.bin; path = dictionary/google_227800_words.bin; sourceTree = "<group>"; };
		F102C5A91F4882C80005B03F /* main.mm */ = {isa = PBXFileReference; fileEncoding = 4; lastKnownFileType = sourcecode.cpp.objcpp; name = main.mm; path = src/main.mm; sourceTree = "<group>"; };
		F102C5AB1F4882D30005B03F /* InputController.mm */ = {isa = PBXFileReference; fileEncoding = 4; lastKnownFileType = sourcecode.cpp.objcpp; name = InputController.mm; path = src/InputController.mm; sourceTree = "<group>"; };
		F109B48F1E1A83AF00AA7A41 /* AnnotationWinController.m */ = {isa = PBXFileReference; fileEncoding = 4; lastKnownFileType = sourcecode.c.objc; name = AnnotationWinController.m; path = src/AnnotationWinController.m; sourceTree = "<group>"; };
		F109B4901E1A83AF00AA7A41 /* AnnotationWinController.h */ = {isa = PBXFileReference; fileEncoding = 4; lastKnownFileType = sourcecode.c.h; name = AnnotationWinController.h; path = src/AnnotationWinController.h; sourceTree = "<group>"; };
		F1BF613C22D4DF6F003B946F /* Base */ = {isa = PBXFileReference; lastKnownFileType = file.xib; name = Base; path = Base.lproj/AnnotationWindow.xib; sourceTree = "<group>"; };
		F1CDA2A41B55180A005086C6 /* InputController.h */ = {isa = PBXFileReference; fileEncoding = 4; lastKnownFileType = sourcecode.c.h; name = InputController.h; path = src/InputController.h; sourceTree = "<group>"; };
/* End PBXFileReference section */

/* Begin PBXFrameworksBuildPhase section */
		3802CD7622CE034100A7E2F9 /* Frameworks */ = {
			isa = PBXFrameworksBuildPhase;
			buildActionMask = 2147483647;
			files = (
				3833665322DC8160004BA2D1 /* JavaScriptCore.framework in Frameworks */,
				8E90E6AE1DD558B60385D996 /* Pods_Tests.framework in Frameworks */,
			);
			runOnlyForDeploymentPostprocessing = 0;
		};
		8D11072E0486CEB800E47090 /* Frameworks */ = {
			isa = PBXFrameworksBuildPhase;
			buildActionMask = 2147483647;
			files = (
				3802CD8C22CF43BD00A7E2F9 /* JavaScriptCore.framework in Frameworks */,
				38A9EAC722CB424F003CCF52 /* Carbon.framework in Frameworks */,
				F102C5A41F487D5A0005B03F /* libmarisa.a in Frameworks */,
				0D29160819519CE500C4CE58 /* AppKit.framework in Frameworks */,
				8D11072F0486CEB800E47090 /* Cocoa.framework in Frameworks */,
				E93074B70A5C264700470842 /* InputMethodKit.framework in Frameworks */,
				DCF77A16FF93189F6E0F9759 /* Pods_hallelujah.framework in Frameworks */,
			);
			runOnlyForDeploymentPostprocessing = 0;
		};
/* End PBXFrameworksBuildPhase section */

/* Begin PBXGroup section */
		080E96DDFE201D6D7F000001 /* Classes */ = {
			isa = PBXGroup;
			children = (
				386E1BFC22DC5A54000C6DCF /* ConversionEngine.h */,
				386E1BFF22DC5E9B000C6DCF /* ConversionEngine.mm */,
				381CD8C422C60D610098764F /* WebServer.h */,
				381CD8C522C60D610098764F /* WebServer.m */,
				389468D41F57C8CE00EF1F5E /* InputApplicationDelegate.h */,
				389468D51F57C8CE00EF1F5E /* InputApplicationDelegate.m */,
				F102C5A91F4882C80005B03F /* main.mm */,
				F1CDA2A41B55180A005086C6 /* InputController.h */,
				F102C5AB1F4882D30005B03F /* InputController.mm */,
				F109B4901E1A83AF00AA7A41 /* AnnotationWinController.h */,
				F109B48F1E1A83AF00AA7A41 /* AnnotationWinController.m */,
				3804D23620F2FC2A00CF1BD9 /* NSScreen+PointConversion.h */,
				3804D23520F2FC2A00CF1BD9 /* NSScreen+PointConversion.m */,
			);
			name = Classes;
			sourceTree = "<group>";
		};
		1058C7A0FEA54F0111CA2CBB /* Linked Frameworks */ = {
			isa = PBXGroup;
			children = (
				1058C7A1FEA54F0111CA2CBB /* Cocoa.framework */,
			);
			name = "Linked Frameworks";
			sourceTree = "<group>";
		};
		1058C7A2FEA54F0111CA2CBB /* Other Frameworks */ = {
			isa = PBXGroup;
			children = (
				E93074B60A5C264700470842 /* InputMethodKit.framework */,
				29B97324FDCFA39411CA2CEA /* AppKit.framework */,
				29B97325FDCFA39411CA2CEA /* Foundation.framework */,
			);
			name = "Other Frameworks";
			sourceTree = "<group>";
		};
		19C28FACFE9D520D11CA2CBB /* Products */ = {
			isa = PBXGroup;
			children = (
				8D1107320486CEB800E47090 /* hallelujah.app */,
				3802CD7922CE034100A7E2F9 /* Tests.xctest */,
			);
			name = Products;
			sourceTree = "<group>";
		};
		29B97314FDCFA39411CA2CEA /* NumberInput */ = {
			isa = PBXGroup;
			children = (
				080E96DDFE201D6D7F000001 /* Classes */,
				29B97317FDCFA39411CA2CEA /* Resources */,
				3802CD7A22CE034100A7E2F9 /* Tests */,
				29B97323FDCFA39411CA2CEA /* Frameworks */,
				19C28FACFE9D520D11CA2CBB /* Products */,
				5D7EC79F78453C417C575DC0 /* Pods */,
			);
			name = NumberInput;
			sourceTree = "<group>";
		};
		29B97317FDCFA39411CA2CEA /* Resources */ = {
			isa = PBXGroup;
			children = (
				38788DC8231EA73B0005685A /* cedict.json */,
				F1BF613B22D4DF6F003B946F /* AnnotationWindow.xib */,
				3817857A22D0E2240091268E /* phonex.js */,
				3802CD9922CF591100A7E2F9 /* phonex_encoded_words.json */,
				3843EC6F2283BE8E00F52003 /* words_with_frequency_and_translation_and_ipa.json */,
				38DD40191F5800A400A276CB /* PreferencesMenu.xib */,
				389468CA1F56A34A00EF1F5E /* web */,
				F102C5A51F487DE80005B03F /* google_227800_words.bin */,
				0D2BFD8E194588F400DE18D9 /* Images.xcassets */,
				E93396E20A9A0AAD0073E6C4 /* images */,
				8D1107310486CEB800E47090 /* Info.plist */,
				089C165CFE840E0CC02AAC07 /* InfoPlist.strings */,
			);
			name = Resources;
			sourceTree = "<group>";
		};
		29B97323FDCFA39411CA2CEA /* Frameworks */ = {
			isa = PBXGroup;
			children = (
				3802CD8B22CF43BD00A7E2F9 /* JavaScriptCore.framework */,
				38A9EAC622CB424F003CCF52 /* Carbon.framework */,
				F102C5A31F487D5A0005B03F /* libmarisa.a */,
				0D29160719519CE500C4CE58 /* AppKit.framework */,
				1058C7A0FEA54F0111CA2CBB /* Linked Frameworks */,
				1058C7A2FEA54F0111CA2CBB /* Other Frameworks */,
				5FB0BF03D3169932092E2A73 /* Pods_hallelujah.framework */,
				4893615A9331202D81738ED2 /* Pods_Tests.framework */,
			);
			name = Frameworks;
			sourceTree = "<group>";
		};
		3802CD7A22CE034100A7E2F9 /* Tests */ = {
			isa = PBXGroup;
			children = (
				3833665822DD6F45004BA2D1 /* TestConversionEngine.mm */,
				3802CD7D22CE034100A7E2F9 /* Info.plist */,
			);
			path = Tests;
			sourceTree = "<group>";
		};
		5D7EC79F78453C417C575DC0 /* Pods */ = {
			isa = PBXGroup;
			children = (
				0F9B2D528219BB1952DEBE74 /* Pods-hallelujah.debug.xcconfig */,
				C821F631E5B6762735CA76CB /* Pods-hallelujah.release.xcconfig */,
				C82BE1A7E1A45D2695354D87 /* Pods-Tests.debug.xcconfig */,
				A9D7E75BEAC2280E777E4B6F /* Pods-Tests.release.xcconfig */,
			);
			name = Pods;
			sourceTree = "<group>";
		};
		E93396E20A9A0AAD0073E6C4 /* images */ = {
			isa = PBXGroup;
			children = (
				0DE74BFF1978F18E00040F3C /* him.icns */,
				0DE74BFD1978EC6A00040F3C /* him.png */,
			);
			name = images;
			sourceTree = "<group>";
		};
/* End PBXGroup section */

/* Begin PBXNativeTarget section */
		3802CD7822CE034100A7E2F9 /* Tests */ = {
			isa = PBXNativeTarget;
			buildConfigurationList = 3802CD8222CE034100A7E2F9 /* Build configuration list for PBXNativeTarget "Tests" */;
			buildPhases = (
				D499D34DB6B1C712EF74E067 /* [CP] Check Pods Manifest.lock */,
				3802CD7522CE034100A7E2F9 /* Sources */,
				3802CD7622CE034100A7E2F9 /* Frameworks */,
				3802CD7722CE034100A7E2F9 /* Resources */,
				578B53FB8A9A822B5BD54AF4 /* [CP] Embed Pods Frameworks */,
			);
			buildRules = (
			);
			dependencies = (
				3802CD7F22CE034100A7E2F9 /* PBXTargetDependency */,
			);
			name = Tests;
			productName = Tests;
			productReference = 3802CD7922CE034100A7E2F9 /* Tests.xctest */;
			productType = "com.apple.product-type.bundle.unit-test";
		};
		8D1107260486CEB800E47090 /* hallelujah */ = {
			isa = PBXNativeTarget;
			buildConfigurationList = C01FCF4A08A954540054247B /* Build configuration list for PBXNativeTarget "hallelujah" */;
			buildPhases = (
				E76BAAB332AD8608D185D1F3 /* [CP] Check Pods Manifest.lock */,
				8D1107290486CEB800E47090 /* Resources */,
				8D11072C0486CEB800E47090 /* Sources */,
				8D11072E0486CEB800E47090 /* Frameworks */,
				8564A7C414FB3688218ABA3D /* [CP] Embed Pods Frameworks */,
			);
			buildRules = (
			);
			dependencies = (
			);
			name = hallelujah;
			productInstallPath = "$(HOME)/Applications";
			productName = NumberInput;
			productReference = 8D1107320486CEB800E47090 /* hallelujah.app */;
			productType = "com.apple.product-type.application";
		};
/* End PBXNativeTarget section */

/* Begin PBXProject section */
		29B97313FDCFA39411CA2CEA /* Project object */ = {
			isa = PBXProject;
			attributes = {
				LastUpgradeCheck = 1020;
				TargetAttributes = {
					3802CD7822CE034100A7E2F9 = {
						CreatedOnToolsVersion = 10.2.1;
						ProvisioningStyle = Manual;
						TestTargetID = 8D1107260486CEB800E47090;
					};
				};
			};
			buildConfigurationList = C01FCF4E08A954540054247B /* Build configuration list for PBXProject "hallelujah" */;
			compatibilityVersion = "Xcode 3.2";
			developmentRegion = en;
			hasScannedForEncodings = 1;
			knownRegions = (
				en,
				Base,
			);
			mainGroup = 29B97314FDCFA39411CA2CEA /* NumberInput */;
			productRefGroup = 19C28FACFE9D520D11CA2CBB /* Products */;
			projectDirPath = "";
			projectRoot = "";
			targets = (
				8D1107260486CEB800E47090 /* hallelujah */,
				3802CD7822CE034100A7E2F9 /* Tests */,
			);
		};
/* End PBXProject section */

/* Begin PBXResourcesBuildPhase section */
		3802CD7722CE034100A7E2F9 /* Resources */ = {
			isa = PBXResourcesBuildPhase;
			buildActionMask = 2147483647;
			files = (
			);
			runOnlyForDeploymentPostprocessing = 0;
		};
		8D1107290486CEB800E47090 /* Resources */ = {
			isa = PBXResourcesBuildPhase;
			buildActionMask = 2147483647;
			files = (
				F1BF613D22D4DF6F003B946F /* AnnotationWindow.xib in Resources */,
				0DE74BFE1978EC6A00040F3C /* him.png in Resources */,
				3802CD9A22CF591100A7E2F9 /* phonex_encoded_words.json in Resources */,
				38788DC9231EA73C0005685A /* cedict.json in Resources */,
				3817857B22D0E2240091268E /* phonex.js in Resources */,
				389468CB1F56A34A00EF1F5E /* web in Resources */,
				F102C5A61F487DE80005B03F /* google_227800_words.bin in Resources */,
				0D2BFD8F194588F400DE18D9 /* Images.xcassets in Resources */,
				38DD401A1F5800A400A276CB /* PreferencesMenu.xib in Resources */,
				3843EC702283BE8E00F52003 /* words_with_frequency_and_translation_and_ipa.json in Resources */,
				0DE74C001978F18E00040F3C /* him.icns in Resources */,
				8D11072B0486CEB800E47090 /* InfoPlist.strings in Resources */,
			);
			runOnlyForDeploymentPostprocessing = 0;
		};
/* End PBXResourcesBuildPhase section */

/* Begin PBXShellScriptBuildPhase section */
		578B53FB8A9A822B5BD54AF4 /* [CP] Embed Pods Frameworks */ = {
			isa = PBXShellScriptBuildPhase;
			buildActionMask = 2147483647;
			files = (
			);
			inputPaths = (
				"${PODS_ROOT}/Target Support Files/Pods-Tests/Pods-Tests-frameworks.sh",
				"${BUILT_PRODUCTS_DIR}/MDCDamerauLevenshtein/MDCDamerauLevenshtein.framework",
			);
			name = "[CP] Embed Pods Frameworks";
			outputPaths = (
				"${TARGET_BUILD_DIR}/${FRAMEWORKS_FOLDER_PATH}/MDCDamerauLevenshtein.framework",
			);
			runOnlyForDeploymentPostprocessing = 0;
			shellPath = /bin/sh;
			shellScript = "\"${PODS_ROOT}/Target Support Files/Pods-Tests/Pods-Tests-frameworks.sh\"\n";
			showEnvVarsInLog = 0;
		};
		8564A7C414FB3688218ABA3D /* [CP] Embed Pods Frameworks */ = {
			isa = PBXShellScriptBuildPhase;
			buildActionMask = 2147483647;
			files = (
			);
			inputPaths = (
				"${PODS_ROOT}/Target Support Files/Pods-hallelujah/Pods-hallelujah-frameworks.sh",
				"${BUILT_PRODUCTS_DIR}/GCDWebServer/GCDWebServer.framework",
				"${BUILT_PRODUCTS_DIR}/MDCDamerauLevenshtein/MDCDamerauLevenshtein.framework",
			);
			name = "[CP] Embed Pods Frameworks";
			outputPaths = (
				"${TARGET_BUILD_DIR}/${FRAMEWORKS_FOLDER_PATH}/GCDWebServer.framework",
				"${TARGET_BUILD_DIR}/${FRAMEWORKS_FOLDER_PATH}/MDCDamerauLevenshtein.framework",
			);
			runOnlyForDeploymentPostprocessing = 0;
			shellPath = /bin/sh;
			shellScript = "\"${PODS_ROOT}/Target Support Files/Pods-hallelujah/Pods-hallelujah-frameworks.sh\"\n";
			showEnvVarsInLog = 0;
		};
		D499D34DB6B1C712EF74E067 /* [CP] Check Pods Manifest.lock */ = {
			isa = PBXShellScriptBuildPhase;
			buildActionMask = 2147483647;
			files = (
			);
			inputFileListPaths = (
			);
			inputPaths = (
				"${PODS_PODFILE_DIR_PATH}/Podfile.lock",
				"${PODS_ROOT}/Manifest.lock",
			);
			name = "[CP] Check Pods Manifest.lock";
			outputFileListPaths = (
			);
			outputPaths = (
				"$(DERIVED_FILE_DIR)/Pods-Tests-checkManifestLockResult.txt",
			);
			runOnlyForDeploymentPostprocessing = 0;
			shellPath = /bin/sh;
			shellScript = "diff \"${PODS_PODFILE_DIR_PATH}/Podfile.lock\" \"${PODS_ROOT}/Manifest.lock\" > /dev/null\nif [ $? != 0 ] ; then\n    # print error to STDERR\n    echo \"error: The sandbox is not in sync with the Podfile.lock. Run 'pod install' or update your CocoaPods installation.\" >&2\n    exit 1\nfi\n# This output is used by Xcode 'outputs' to avoid re-running this script phase.\necho \"SUCCESS\" > \"${SCRIPT_OUTPUT_FILE_0}\"\n";
			showEnvVarsInLog = 0;
		};
		E76BAAB332AD8608D185D1F3 /* [CP] Check Pods Manifest.lock */ = {
			isa = PBXShellScriptBuildPhase;
			buildActionMask = 2147483647;
			files = (
			);
			inputPaths = (
				"${PODS_PODFILE_DIR_PATH}/Podfile.lock",
				"${PODS_ROOT}/Manifest.lock",
			);
			name = "[CP] Check Pods Manifest.lock";
			outputPaths = (
				"$(DERIVED_FILE_DIR)/Pods-hallelujah-checkManifestLockResult.txt",
			);
			runOnlyForDeploymentPostprocessing = 0;
			shellPath = /bin/sh;
			shellScript = "diff \"${PODS_PODFILE_DIR_PATH}/Podfile.lock\" \"${PODS_ROOT}/Manifest.lock\" > /dev/null\nif [ $? != 0 ] ; then\n    # print error to STDERR\n    echo \"error: The sandbox is not in sync with the Podfile.lock. Run 'pod install' or update your CocoaPods installation.\" >&2\n    exit 1\nfi\n# This output is used by Xcode 'outputs' to avoid re-running this script phase.\necho \"SUCCESS\" > \"${SCRIPT_OUTPUT_FILE_0}\"\n";
			showEnvVarsInLog = 0;
		};
/* End PBXShellScriptBuildPhase section */

/* Begin PBXSourcesBuildPhase section */
		3802CD7522CE034100A7E2F9 /* Sources */ = {
			isa = PBXSourcesBuildPhase;
			buildActionMask = 2147483647;
			files = (
				3833665922DD6F45004BA2D1 /* TestConversionEngine.mm in Sources */,
			);
			runOnlyForDeploymentPostprocessing = 0;
		};
		8D11072C0486CEB800E47090 /* Sources */ = {
			isa = PBXSourcesBuildPhase;
			buildActionMask = 2147483647;
			files = (
				F102C5AA1F4882C80005B03F /* main.mm in Sources */,
				3804D23720F2FC2A00CF1BD9 /* NSScreen+PointConversion.m in Sources */,
				389468D61F57C8CE00EF1F5E /* InputApplicationDelegate.m in Sources */,
				F102C5AC1F4882D30005B03F /* InputController.mm in Sources */,
				F109B4911E1A83AF00AA7A41 /* AnnotationWinController.m in Sources */,
				381CD8C622C60D610098764F /* WebServer.m in Sources */,
				386E1C0022DC5E9C000C6DCF /* ConversionEngine.mm in Sources */,
			);
			runOnlyForDeploymentPostprocessing = 0;
		};
/* End PBXSourcesBuildPhase section */

/* Begin PBXTargetDependency section */
		3802CD7F22CE034100A7E2F9 /* PBXTargetDependency */ = {
			isa = PBXTargetDependency;
			target = 8D1107260486CEB800E47090 /* hallelujah */;
			targetProxy = 3802CD7E22CE034100A7E2F9 /* PBXContainerItemProxy */;
		};
/* End PBXTargetDependency section */

/* Begin PBXVariantGroup section */
		089C165CFE840E0CC02AAC07 /* InfoPlist.strings */ = {
			isa = PBXVariantGroup;
			children = (
				38A9EAC522CB4136003CCF52 /* en */,
			);
			name = InfoPlist.strings;
			sourceTree = "<group>";
		};
		F1BF613B22D4DF6F003B946F /* AnnotationWindow.xib */ = {
			isa = PBXVariantGroup;
			children = (
				F1BF613C22D4DF6F003B946F /* Base */,
			);
			name = AnnotationWindow.xib;
			sourceTree = "<group>";
		};
/* End PBXVariantGroup section */

/* Begin XCBuildConfiguration section */
		3802CD8022CE034100A7E2F9 /* Debug */ = {
			isa = XCBuildConfiguration;
			baseConfigurationReference = C82BE1A7E1A45D2695354D87 /* Pods-Tests.debug.xcconfig */;
			buildSettings = {
				ALWAYS_SEARCH_USER_PATHS = NO;
				BUNDLE_LOADER = "$(TEST_HOST)";
				CLANG_ANALYZER_NONNULL = YES;
				CLANG_ANALYZER_NUMBER_OBJECT_CONVERSION = YES_AGGRESSIVE;
				CLANG_CXX_LANGUAGE_STANDARD = "gnu++14";
				CLANG_CXX_LIBRARY = "libc++";
				CLANG_ENABLE_MODULES = YES;
				CLANG_ENABLE_OBJC_ARC = YES;
				CLANG_ENABLE_OBJC_WEAK = YES;
				CLANG_WARN_DIRECT_OBJC_ISA_USAGE = YES_ERROR;
				CLANG_WARN_DOCUMENTATION_COMMENTS = YES;
				CLANG_WARN_OBJC_ROOT_CLASS = YES_ERROR;
				CLANG_WARN_UNGUARDED_AVAILABILITY = YES_AGGRESSIVE;
				CODE_SIGN_IDENTITY = "";
				"CODE_SIGN_IDENTITY[sdk=macosx*]" = "-";
				CODE_SIGN_STYLE = Manual;
				COMBINE_HIDPI_IMAGES = YES;
				COPY_PHASE_STRIP = NO;
				DEBUG_INFORMATION_FORMAT = dwarf;
				DEVELOPMENT_TEAM = "";
				GCC_C_LANGUAGE_STANDARD = gnu11;
				GCC_DYNAMIC_NO_PIC = NO;
				GCC_OPTIMIZATION_LEVEL = 0;
				GCC_PREPROCESSOR_DEFINITIONS = (
					"DEBUG=1",
					"$(inherited)",
				);
				GCC_WARN_ABOUT_RETURN_TYPE = YES_ERROR;
				GCC_WARN_UNINITIALIZED_AUTOS = YES_AGGRESSIVE;
				HEADER_SEARCH_PATHS = (
					"$(inherited)",
					"\"${PODS_CONFIGURATION_BUILD_DIR}/MDCDamerauLevenshtein/MDCDamerauLevenshtein.framework/Headers\"",
					$SOURCE_ROOT/include,
				);
				INFOPLIST_FILE = Tests/Info.plist;
				LD_RUNPATH_SEARCH_PATHS = "$(inherited) @executable_path/../Frameworks @loader_path/../Frameworks";
				MACOSX_DEPLOYMENT_TARGET = "$(RECOMMENDED_MACOSX_DEPLOYMENT_TARGET)";
				MTL_ENABLE_DEBUG_INFO = INCLUDE_SOURCE;
				MTL_FAST_MATH = YES;
				PRODUCT_BUNDLE_IDENTIFIER = us.erlang.Tests;
				PRODUCT_NAME = "$(TARGET_NAME)";
				PROVISIONING_PROFILE_SPECIFIER = "";
				TEST_HOST = "$(BUILT_PRODUCTS_DIR)/hallelujah.app/Contents/MacOS/hallelujah";
			};
			name = Debug;
		};
		3802CD8122CE034100A7E2F9 /* Release */ = {
			isa = XCBuildConfiguration;
			baseConfigurationReference = A9D7E75BEAC2280E777E4B6F /* Pods-Tests.release.xcconfig */;
			buildSettings = {
				ALWAYS_SEARCH_USER_PATHS = NO;
				BUNDLE_LOADER = "$(TEST_HOST)";
				CLANG_ANALYZER_NONNULL = YES;
				CLANG_ANALYZER_NUMBER_OBJECT_CONVERSION = YES_AGGRESSIVE;
				CLANG_CXX_LANGUAGE_STANDARD = "gnu++14";
				CLANG_CXX_LIBRARY = "libc++";
				CLANG_ENABLE_MODULES = YES;
				CLANG_ENABLE_OBJC_ARC = YES;
				CLANG_ENABLE_OBJC_WEAK = YES;
				CLANG_WARN_DIRECT_OBJC_ISA_USAGE = YES_ERROR;
				CLANG_WARN_DOCUMENTATION_COMMENTS = YES;
				CLANG_WARN_OBJC_ROOT_CLASS = YES_ERROR;
				CLANG_WARN_UNGUARDED_AVAILABILITY = YES_AGGRESSIVE;
				CODE_SIGN_IDENTITY = "";
				"CODE_SIGN_IDENTITY[sdk=macosx*]" = "-";
				CODE_SIGN_STYLE = Manual;
				COMBINE_HIDPI_IMAGES = YES;
				COPY_PHASE_STRIP = NO;
				DEBUG_INFORMATION_FORMAT = "dwarf-with-dsym";
				DEVELOPMENT_TEAM = "";
				ENABLE_NS_ASSERTIONS = NO;
				GCC_C_LANGUAGE_STANDARD = gnu11;
				GCC_WARN_ABOUT_RETURN_TYPE = YES_ERROR;
				GCC_WARN_UNINITIALIZED_AUTOS = YES_AGGRESSIVE;
				HEADER_SEARCH_PATHS = (
					"$(inherited)",
					"\"${PODS_CONFIGURATION_BUILD_DIR}/MDCDamerauLevenshtein/MDCDamerauLevenshtein.framework/Headers\"",
					$SOURCE_ROOT/include,
				);
				INFOPLIST_FILE = Tests/Info.plist;
				LD_RUNPATH_SEARCH_PATHS = "$(inherited) @executable_path/../Frameworks @loader_path/../Frameworks";
				MACOSX_DEPLOYMENT_TARGET = "$(RECOMMENDED_MACOSX_DEPLOYMENT_TARGET)";
				MTL_ENABLE_DEBUG_INFO = NO;
				MTL_FAST_MATH = YES;
				PRODUCT_BUNDLE_IDENTIFIER = us.erlang.Tests;
				PRODUCT_NAME = "$(TARGET_NAME)";
				PROVISIONING_PROFILE_SPECIFIER = "";
				TEST_HOST = "$(BUILT_PRODUCTS_DIR)/hallelujah.app/Contents/MacOS/hallelujah";
			};
			name = Release;
		};
		C01FCF4B08A954540054247B /* Debug */ = {
			isa = XCBuildConfiguration;
			baseConfigurationReference = 0F9B2D528219BB1952DEBE74 /* Pods-hallelujah.debug.xcconfig */;
			buildSettings = {
				ALWAYS_SEARCH_USER_PATHS = NO;
				CLANG_ENABLE_OBJC_ARC = YES;
				COMBINE_HIDPI_IMAGES = YES;
				COPY_PHASE_STRIP = NO;
				GCC_DYNAMIC_NO_PIC = NO;
				GCC_MODEL_TUNING = G5;
				GCC_OPTIMIZATION_LEVEL = 0;
				"HEADER_SEARCH_PATHS[arch=*]" = $SOURCE_ROOT/include;
				INFOPLIST_FILE = Info.plist;
				INSTALL_PATH = "\"$(LOCAL_LIBRARY_DIR)/Input Methods/\"";
				LIBRARY_SEARCH_PATHS = (
					"$(inherited)",
					"$(PROJECT_DIR)/lib",
				);
				MACOSX_DEPLOYMENT_TARGET = "$(RECOMMENDED_MACOSX_DEPLOYMENT_TARGET)";
				PRODUCT_BUNDLE_IDENTIFIER = github.dongyuwei.inputmethod.hallelujahInputMethod;
				PRODUCT_NAME = hallelujah;
				"USER_HEADER_SEARCH_PATHS[arch=*]" = "\"${PODS_ROOT}/\"/**";
				WRAPPER_EXTENSION = app;
				ZERO_LINK = YES;
			};
			name = Debug;
		};
		C01FCF4C08A954540054247B /* Release */ = {
			isa = XCBuildConfiguration;
			baseConfigurationReference = C821F631E5B6762735CA76CB /* Pods-hallelujah.release.xcconfig */;
			buildSettings = {
				ALWAYS_SEARCH_USER_PATHS = NO;
				CLANG_ENABLE_OBJC_ARC = YES;
				COMBINE_HIDPI_IMAGES = YES;
				GCC_GENERATE_DEBUGGING_SYMBOLS = NO;
				GCC_MODEL_TUNING = G5;
				"HEADER_SEARCH_PATHS[arch=*]" = $SOURCE_ROOT/include;
				INFOPLIST_FILE = Info.plist;
				INSTALL_PATH = "\"$(LOCAL_LIBRARY_DIR)/Input Methods/\"";
				LIBRARY_SEARCH_PATHS = (
					"$(inherited)",
					"$(PROJECT_DIR)/lib",
				);
				MACOSX_DEPLOYMENT_TARGET = "$(RECOMMENDED_MACOSX_DEPLOYMENT_TARGET)";
				ONLY_ACTIVE_ARCH = YES;
				PRODUCT_BUNDLE_IDENTIFIER = github.dongyuwei.inputmethod.hallelujahInputMethod;
				PRODUCT_NAME = hallelujah;
				"USER_HEADER_SEARCH_PATHS[arch=*]" = "\"${PODS_ROOT}/\"/**";
				WRAPPER_EXTENSION = app;
			};
			name = Release;
		};
		C01FCF4F08A954540054247B /* Debug */ = {
			isa = XCBuildConfiguration;
			buildSettings = {
				CLANG_ANALYZER_LOCALIZABILITY_NONLOCALIZED = YES;
				CLANG_WARN_BLOCK_CAPTURE_AUTORELEASING = YES;
				CLANG_WARN_BOOL_CONVERSION = YES;
				CLANG_WARN_COMMA = YES;
				CLANG_WARN_CONSTANT_CONVERSION = YES;
				CLANG_WARN_DEPRECATED_OBJC_IMPLEMENTATIONS = YES;
				CLANG_WARN_EMPTY_BODY = YES;
				CLANG_WARN_ENUM_CONVERSION = YES;
				CLANG_WARN_INFINITE_RECURSION = YES;
				CLANG_WARN_INT_CONVERSION = YES;
				CLANG_WARN_NON_LITERAL_NULL_CONVERSION = YES;
				CLANG_WARN_OBJC_IMPLICIT_RETAIN_SELF = YES;
				CLANG_WARN_OBJC_LITERAL_CONVERSION = YES;
				CLANG_WARN_RANGE_LOOP_ANALYSIS = YES;
				CLANG_WARN_STRICT_PROTOTYPES = YES;
				CLANG_WARN_SUSPICIOUS_MOVE = YES;
				CLANG_WARN_UNREACHABLE_CODE = YES;
				CLANG_WARN__DUPLICATE_METHOD_MATCH = YES;
				ENABLE_STRICT_OBJC_MSGSEND = YES;
				ENABLE_TESTABILITY = YES;
				GCC_NO_COMMON_BLOCKS = YES;
				GCC_WARN_64_TO_32_BIT_CONVERSION = YES;
				GCC_WARN_ABOUT_RETURN_TYPE = YES;
				GCC_WARN_UNDECLARED_SELECTOR = YES;
				GCC_WARN_UNINITIALIZED_AUTOS = YES;
				GCC_WARN_UNUSED_FUNCTION = YES;
				GCC_WARN_UNUSED_VARIABLE = YES;
				MACOSX_DEPLOYMENT_TARGET = "$(RECOMMENDED_MACOSX_DEPLOYMENT_TARGET)";
				ONLY_ACTIVE_ARCH = YES;
				SDKROOT = macosx;
			};
			name = Debug;
		};
		C01FCF5008A954540054247B /* Release */ = {
			isa = XCBuildConfiguration;
			buildSettings = {
				CLANG_ANALYZER_LOCALIZABILITY_NONLOCALIZED = YES;
				CLANG_WARN_BLOCK_CAPTURE_AUTORELEASING = YES;
				CLANG_WARN_BOOL_CONVERSION = YES;
				CLANG_WARN_COMMA = YES;
				CLANG_WARN_CONSTANT_CONVERSION = YES;
				CLANG_WARN_DEPRECATED_OBJC_IMPLEMENTATIONS = YES;
				CLANG_WARN_EMPTY_BODY = YES;
				CLANG_WARN_ENUM_CONVERSION = YES;
				CLANG_WARN_INFINITE_RECURSION = YES;
				CLANG_WARN_INT_CONVERSION = YES;
				CLANG_WARN_NON_LITERAL_NULL_CONVERSION = YES;
				CLANG_WARN_OBJC_IMPLICIT_RETAIN_SELF = YES;
				CLANG_WARN_OBJC_LITERAL_CONVERSION = YES;
				CLANG_WARN_RANGE_LOOP_ANALYSIS = YES;
				CLANG_WARN_STRICT_PROTOTYPES = YES;
				CLANG_WARN_SUSPICIOUS_MOVE = YES;
				CLANG_WARN_UNREACHABLE_CODE = YES;
				CLANG_WARN__DUPLICATE_METHOD_MATCH = YES;
				ENABLE_STRICT_OBJC_MSGSEND = YES;
				GCC_NO_COMMON_BLOCKS = YES;
				GCC_WARN_64_TO_32_BIT_CONVERSION = YES;
				GCC_WARN_ABOUT_RETURN_TYPE = YES;
				GCC_WARN_UNDECLARED_SELECTOR = YES;
				GCC_WARN_UNINITIALIZED_AUTOS = YES;
				GCC_WARN_UNUSED_FUNCTION = YES;
				GCC_WARN_UNUSED_VARIABLE = YES;
				MACOSX_DEPLOYMENT_TARGET = "$(RECOMMENDED_MACOSX_DEPLOYMENT_TARGET)";
				ONLY_ACTIVE_ARCH = YES;
				SDKROOT = macosx;
			};
			name = Release;
		};
/* End XCBuildConfiguration section */

/* Begin XCConfigurationList section */
		3802CD8222CE034100A7E2F9 /* Build configuration list for PBXNativeTarget "Tests" */ = {
			isa = XCConfigurationList;
			buildConfigurations = (
				3802CD8022CE034100A7E2F9 /* Debug */,
				3802CD8122CE034100A7E2F9 /* Release */,
			);
			defaultConfigurationIsVisible = 0;
			defaultConfigurationName = Release;
		};
		C01FCF4A08A954540054247B /* Build configuration list for PBXNativeTarget "hallelujah" */ = {
			isa = XCConfigurationList;
			buildConfigurations = (
				C01FCF4B08A954540054247B /* Debug */,
				C01FCF4C08A954540054247B /* Release */,
			);
			defaultConfigurationIsVisible = 0;
			defaultConfigurationName = Release;
		};
		C01FCF4E08A954540054247B /* Build configuration list for PBXProject "hallelujah" */ = {
			isa = XCConfigurationList;
			buildConfigurations = (
				C01FCF4F08A954540054247B /* Debug */,
				C01FCF5008A954540054247B /* Release */,
			);
			defaultConfigurationIsVisible = 0;
			defaultConfigurationName = Release;
		};
/* End XCConfigurationList section */
	};
	rootObject = 29B97313FDCFA39411CA2CEA /* Project object */;
}
