// !$*UTF8*$!
{
	archiveVersion = 1;
	classes = {
	};
	objectVersion = 46;
	objects = {

/* Begin PBXBuildFile section */
		0D29160819519CE500C4CE58 /* AppKit.framework in Frameworks */ = {isa = PBXBuildFile; fileRef = 0D29160719519CE500C4CE58 /* AppKit.framework */; };
		0D2BFD8F194588F400DE18D9 /* Images.xcassets in Resources */ = {isa = PBXBuildFile; fileRef = 0D2BFD8E194588F400DE18D9 /* Images.xcassets */; };
		0DE74BFE1978EC6A00040F3C /* him.png in Resources */ = {isa = PBXBuildFile; fileRef = 0DE74BFD1978EC6A00040F3C /* him.png */; };
		0DE74C001978F18E00040F3C /* him.icns in Resources */ = {isa = PBXBuildFile; fileRef = 0DE74BFF1978F18E00040F3C /* him.icns */; };
		3804D23720F2FC2A00CF1BD9 /* NSScreen+PointConversion.m in Sources */ = {isa = PBXBuildFile; fileRef = 3804D23520F2FC2A00CF1BD9 /* NSScreen+PointConversion.m */; };
		38133A1D22C9AF0D004960E3 /* AnnotationWindow.nib in Resources */ = {isa = PBXBuildFile; fileRef = 38133A1B22C9AF0D004960E3 /* AnnotationWindow.nib */; };
		381CD8C622C60D610098764F /* WebServer.m in Sources */ = {isa = PBXBuildFile; fileRef = 381CD8C522C60D610098764F /* WebServer.m */; };
		3843EC702283BE8E00F52003 /* words_with_frequency_and_translation_and_ipa.json in Resources */ = {isa = PBXBuildFile; fileRef = 3843EC6F2283BE8E00F52003 /* words_with_frequency_and_translation_and_ipa.json */; };
		389468CB1F56A34A00EF1F5E /* web in Resources */ = {isa = PBXBuildFile; fileRef = 389468CA1F56A34A00EF1F5E /* web */; };
		389468D61F57C8CE00EF1F5E /* InputApplicationDelegate.m in Sources */ = {isa = PBXBuildFile; fileRef = 389468D51F57C8CE00EF1F5E /* InputApplicationDelegate.m */; };
		38DD401A1F5800A400A276CB /* PreferencesMenu.xib in Resources */ = {isa = PBXBuildFile; fileRef = 38DD40191F5800A400A276CB /* PreferencesMenu.xib */; };
		56DAA2D1B676B02B33021777 /* libPods-hallelujah.a in Frameworks */ = {isa = PBXBuildFile; fileRef = 83B7001F97014A6184CCEDD3 /* libPods-hallelujah.a */; };
		8D11072B0486CEB800E47090 /* InfoPlist.strings in Resources */ = {isa = PBXBuildFile; fileRef = 089C165CFE840E0CC02AAC07 /* InfoPlist.strings */; };
		8D11072F0486CEB800E47090 /* Cocoa.framework in Frameworks */ = {isa = PBXBuildFile; fileRef = 1058C7A1FEA54F0111CA2CBB /* Cocoa.framework */; };
		E93074B70A5C264700470842 /* InputMethodKit.framework in Frameworks */ = {isa = PBXBuildFile; fileRef = E93074B60A5C264700470842 /* InputMethodKit.framework */; };
		F102C5A41F487D5A0005B03F /* libmarisa.a in Frameworks */ = {isa = PBXBuildFile; fileRef = F102C5A31F487D5A0005B03F /* libmarisa.a */; };
		F102C5A61F487DE80005B03F /* google_227800_words.bin in Resources */ = {isa = PBXBuildFile; fileRef = F102C5A51F487DE80005B03F /* google_227800_words.bin */; };
		F102C5AA1F4882C80005B03F /* main.mm in Sources */ = {isa = PBXBuildFile; fileRef = F102C5A91F4882C80005B03F /* main.mm */; };
		F102C5AC1F4882D30005B03F /* InputController.mm in Sources */ = {isa = PBXBuildFile; fileRef = F102C5AB1F4882D30005B03F /* InputController.mm */; };
		F109B4911E1A83AF00AA7A41 /* AnnotationWinController.m in Sources */ = {isa = PBXBuildFile; fileRef = F109B48F1E1A83AF00AA7A41 /* AnnotationWinController.m */; };
		F174745F1FDC2C9400AD2B84 /* cedict.json in Resources */ = {isa = PBXBuildFile; fileRef = F174745E1FDC2C9400AD2B84 /* cedict.json */; };
/* End PBXBuildFile section */

/* Begin PBXFileReference section */
		089C165DFE840E0CC02AAC07 /* English */ = {isa = PBXFileReference; fileEncoding = 10; lastKnownFileType = text.plist.strings; name = English; path = English.lproj/InfoPlist.strings; sourceTree = "<group>"; };
		0D29160719519CE500C4CE58 /* AppKit.framework */ = {isa = PBXFileReference; lastKnownFileType = wrapper.framework; name = AppKit.framework; path = System/Library/Frameworks/AppKit.framework; sourceTree = SDKROOT; };
		0D2BFD8E194588F400DE18D9 /* Images.xcassets */ = {isa = PBXFileReference; lastKnownFileType = folder.assetcatalog; name = Images.xcassets; path = hallelujah/Images.xcassets; sourceTree = "<group>"; };
		0DE74BFD1978EC6A00040F3C /* him.png */ = {isa = PBXFileReference; lastKnownFileType = image.png; path = him.png; sourceTree = "<group>"; };
		0DE74BFF1978F18E00040F3C /* him.icns */ = {isa = PBXFileReference; lastKnownFileType = image.icns; path = him.icns; sourceTree = "<group>"; };
		0F9B2D528219BB1952DEBE74 /* Pods-hallelujah.debug.xcconfig */ = {isa = PBXFileReference; includeInIndex = 1; lastKnownFileType = text.xcconfig; name = "Pods-hallelujah.debug.xcconfig"; path = "Pods/Target Support Files/Pods-hallelujah/Pods-hallelujah.debug.xcconfig"; sourceTree = "<group>"; };
		1058C7A1FEA54F0111CA2CBB /* Cocoa.framework */ = {isa = PBXFileReference; lastKnownFileType = wrapper.framework; name = Cocoa.framework; path = /System/Library/Frameworks/Cocoa.framework; sourceTree = "<absolute>"; };
		29B97324FDCFA39411CA2CEA /* AppKit.framework */ = {isa = PBXFileReference; lastKnownFileType = wrapper.framework; name = AppKit.framework; path = /System/Library/Frameworks/AppKit.framework; sourceTree = "<absolute>"; };
		29B97325FDCFA39411CA2CEA /* Foundation.framework */ = {isa = PBXFileReference; lastKnownFileType = wrapper.framework; name = Foundation.framework; path = /System/Library/Frameworks/Foundation.framework; sourceTree = "<absolute>"; };
		3804D23520F2FC2A00CF1BD9 /* NSScreen+PointConversion.m */ = {isa = PBXFileReference; fileEncoding = 4; lastKnownFileType = sourcecode.c.objc; name = "NSScreen+PointConversion.m"; path = "src/NSScreen+PointConversion.m"; sourceTree = "<group>"; };
		3804D23620F2FC2A00CF1BD9 /* NSScreen+PointConversion.h */ = {isa = PBXFileReference; fileEncoding = 4; lastKnownFileType = sourcecode.c.h; name = "NSScreen+PointConversion.h"; path = "src/NSScreen+PointConversion.h"; sourceTree = "<group>"; };
		38133A1C22C9AF0D004960E3 /* English */ = {isa = PBXFileReference; lastKnownFileType = wrapper.nib; name = English; path = English.lproj/AnnotationWindow.nib; sourceTree = "<group>"; };
		381CD8C422C60D610098764F /* WebServer.h */ = {isa = PBXFileReference; fileEncoding = 4; lastKnownFileType = sourcecode.c.h; name = WebServer.h; path = src/WebServer.h; sourceTree = "<group>"; };
		381CD8C522C60D610098764F /* WebServer.m */ = {isa = PBXFileReference; fileEncoding = 4; lastKnownFileType = sourcecode.c.objc; name = WebServer.m; path = src/WebServer.m; sourceTree = "<group>"; };
		3843EC6F2283BE8E00F52003 /* words_with_frequency_and_translation_and_ipa.json */ = {isa = PBXFileReference; fileEncoding = 4; lastKnownFileType = text.json; name = words_with_frequency_and_translation_and_ipa.json; path = dictionary/words_with_frequency_and_translation_and_ipa.json; sourceTree = "<group>"; };
		389468CA1F56A34A00EF1F5E /* web */ = {isa = PBXFileReference; lastKnownFileType = folder; path = web; sourceTree = "<group>"; };
		389468D41F57C8CE00EF1F5E /* InputApplicationDelegate.h */ = {isa = PBXFileReference; fileEncoding = 4; lastKnownFileType = sourcecode.c.h; name = InputApplicationDelegate.h; path = src/InputApplicationDelegate.h; sourceTree = "<group>"; };
		389468D51F57C8CE00EF1F5E /* InputApplicationDelegate.m */ = {isa = PBXFileReference; fileEncoding = 4; lastKnownFileType = sourcecode.c.objc; name = InputApplicationDelegate.m; path = src/InputApplicationDelegate.m; sourceTree = "<group>"; };
		38DD40191F5800A400A276CB /* PreferencesMenu.xib */ = {isa = PBXFileReference; fileEncoding = 4; lastKnownFileType = file.xib; path = PreferencesMenu.xib; sourceTree = "<group>"; };
		83B7001F97014A6184CCEDD3 /* libPods-hallelujah.a */ = {isa = PBXFileReference; explicitFileType = archive.ar; includeInIndex = 0; path = "libPods-hallelujah.a"; sourceTree = BUILT_PRODUCTS_DIR; };
		8D1107310486CEB800E47090 /* Info.plist */ = {isa = PBXFileReference; fileEncoding = 4; lastKnownFileType = text.plist; path = Info.plist; sourceTree = "<group>"; };
		8D1107320486CEB800E47090 /* hallelujah.app */ = {isa = PBXFileReference; explicitFileType = wrapper.application; includeInIndex = 0; path = hallelujah.app; sourceTree = BUILT_PRODUCTS_DIR; };
		C821F631E5B6762735CA76CB /* Pods-hallelujah.release.xcconfig */ = {isa = PBXFileReference; includeInIndex = 1; lastKnownFileType = text.xcconfig; name = "Pods-hallelujah.release.xcconfig"; path = "Pods/Target Support Files/Pods-hallelujah/Pods-hallelujah.release.xcconfig"; sourceTree = "<group>"; };
		E93074B60A5C264700470842 /* InputMethodKit.framework */ = {isa = PBXFileReference; lastKnownFileType = wrapper.framework; name = InputMethodKit.framework; path = /System/Library/Frameworks/InputMethodKit.framework; sourceTree = "<absolute>"; };
		F102C5A31F487D5A0005B03F /* libmarisa.a */ = {isa = PBXFileReference; lastKnownFileType = archive.ar; name = libmarisa.a; path = lib/libmarisa.a; sourceTree = "<group>"; };
		F102C5A51F487DE80005B03F /* google_227800_words.bin */ = {isa = PBXFileReference; lastKnownFileType = archive.macbinary; name = google_227800_words.bin; path = dictionary/google_227800_words.bin; sourceTree = "<group>"; };
		F102C5A91F4882C80005B03F /* main.mm */ = {isa = PBXFileReference; fileEncoding = 4; lastKnownFileType = sourcecode.cpp.objcpp; name = main.mm; path = src/main.mm; sourceTree = "<group>"; };
		F102C5AB1F4882D30005B03F /* InputController.mm */ = {isa = PBXFileReference; fileEncoding = 4; lastKnownFileType = sourcecode.cpp.objcpp; name = InputController.mm; path = src/InputController.mm; sourceTree = "<group>"; };
		F109B48F1E1A83AF00AA7A41 /* AnnotationWinController.m */ = {isa = PBXFileReference; fileEncoding = 4; lastKnownFileType = sourcecode.c.objc; name = AnnotationWinController.m; path = src/AnnotationWinController.m; sourceTree = "<group>"; };
		F109B4901E1A83AF00AA7A41 /* AnnotationWinController.h */ = {isa = PBXFileReference; fileEncoding = 4; lastKnownFileType = sourcecode.c.h; name = AnnotationWinController.h; path = src/AnnotationWinController.h; sourceTree = "<group>"; };
		F174745E1FDC2C9400AD2B84 /* cedict.json */ = {isa = PBXFileReference; fileEncoding = 4; lastKnownFileType = text.json; name = cedict.json; path = dictionary/cedict.json; sourceTree = "<group>"; };
		F1CDA2A41B55180A005086C6 /* InputController.h */ = {isa = PBXFileReference; fileEncoding = 4; lastKnownFileType = sourcecode.c.h; name = InputController.h; path = src/InputController.h; sourceTree = "<group>"; };
/* End PBXFileReference section */

/* Begin PBXFrameworksBuildPhase section */
		8D11072E0486CEB800E47090 /* Frameworks */ = {
			isa = PBXFrameworksBuildPhase;
			buildActionMask = 2147483647;
			files = (
				F102C5A41F487D5A0005B03F /* libmarisa.a in Frameworks */,
				0D29160819519CE500C4CE58 /* AppKit.framework in Frameworks */,
				8D11072F0486CEB800E47090 /* Cocoa.framework in Frameworks */,
				E93074B70A5C264700470842 /* InputMethodKit.framework in Frameworks */,
				56DAA2D1B676B02B33021777 /* libPods-hallelujah.a in Frameworks */,
			);
			runOnlyForDeploymentPostprocessing = 0;
		};
/* End PBXFrameworksBuildPhase section */

/* Begin PBXGroup section */
		080E96DDFE201D6D7F000001 /* Classes */ = {
			isa = PBXGroup;
			children = (
				381CD8C422C60D610098764F /* WebServer.h */,
				381CD8C522C60D610098764F /* WebServer.m */,
				389468D41F57C8CE00EF1F5E /* InputApplicationDelegate.h */,
				389468D51F57C8CE00EF1F5E /* InputApplicationDelegate.m */,
				F102C5A91F4882C80005B03F /* main.mm */,
				F102C5AB1F4882D30005B03F /* InputController.mm */,
				F109B48F1E1A83AF00AA7A41 /* AnnotationWinController.m */,
				F109B4901E1A83AF00AA7A41 /* AnnotationWinController.h */,
				F1CDA2A41B55180A005086C6 /* InputController.h */,
				3804D23620F2FC2A00CF1BD9 /* NSScreen+PointConversion.h */,
				3804D23520F2FC2A00CF1BD9 /* NSScreen+PointConversion.m */,
			);
			name = Classes;
			sourceTree = "<group>";
		};
		1058C7A0FEA54F0111CA2CBB /* Linked Frameworks */ = {
			isa = PBXGroup;
			children = (
				1058C7A1FEA54F0111CA2CBB /* Cocoa.framework */,
			);
			name = "Linked Frameworks";
			sourceTree = "<group>";
		};
		1058C7A2FEA54F0111CA2CBB /* Other Frameworks */ = {
			isa = PBXGroup;
			children = (
				E93074B60A5C264700470842 /* InputMethodKit.framework */,
				29B97324FDCFA39411CA2CEA /* AppKit.framework */,
				29B97325FDCFA39411CA2CEA /* Foundation.framework */,
			);
			name = "Other Frameworks";
			sourceTree = "<group>";
		};
		19C28FACFE9D520D11CA2CBB /* Products */ = {
			isa = PBXGroup;
			children = (
				8D1107320486CEB800E47090 /* hallelujah.app */,
			);
			name = Products;
			sourceTree = "<group>";
		};
		29B97314FDCFA39411CA2CEA /* NumberInput */ = {
			isa = PBXGroup;
			children = (
				080E96DDFE201D6D7F000001 /* Classes */,
				29B97317FDCFA39411CA2CEA /* Resources */,
				29B97323FDCFA39411CA2CEA /* Frameworks */,
				19C28FACFE9D520D11CA2CBB /* Products */,
				5D7EC79F78453C417C575DC0 /* Pods */,
			);
			name = NumberInput;
			sourceTree = "<group>";
		};
		29B97317FDCFA39411CA2CEA /* Resources */ = {
			isa = PBXGroup;
			children = (
				38133A1B22C9AF0D004960E3 /* AnnotationWindow.nib */,
				3843EC6F2283BE8E00F52003 /* words_with_frequency_and_translation_and_ipa.json */,
				F174745E1FDC2C9400AD2B84 /* cedict.json */,
				38DD40191F5800A400A276CB /* PreferencesMenu.xib */,
				389468CA1F56A34A00EF1F5E /* web */,
				F102C5A51F487DE80005B03F /* google_227800_words.bin */,
				0D2BFD8E194588F400DE18D9 /* Images.xcassets */,
				E93396E20A9A0AAD0073E6C4 /* images */,
				8D1107310486CEB800E47090 /* Info.plist */,
				089C165CFE840E0CC02AAC07 /* InfoPlist.strings */,
			);
			name = Resources;
			sourceTree = "<group>";
		};
		29B97323FDCFA39411CA2CEA /* Frameworks */ = {
			isa = PBXGroup;
			children = (
				F102C5A31F487D5A0005B03F /* libmarisa.a */,
				0D29160719519CE500C4CE58 /* AppKit.framework */,
				1058C7A0FEA54F0111CA2CBB /* Linked Frameworks */,
				1058C7A2FEA54F0111CA2CBB /* Other Frameworks */,
				83B7001F97014A6184CCEDD3 /* libPods-hallelujah.a */,
			);
			name = Frameworks;
			sourceTree = "<group>";
		};
		5D7EC79F78453C417C575DC0 /* Pods */ = {
			isa = PBXGroup;
			children = (
				0F9B2D528219BB1952DEBE74 /* Pods-hallelujah.debug.xcconfig */,
				C821F631E5B6762735CA76CB /* Pods-hallelujah.release.xcconfig */,
			);
			name = Pods;
			sourceTree = "<group>";
		};
		E93396E20A9A0AAD0073E6C4 /* images */ = {
			isa = PBXGroup;
			children = (
				0DE74BFF1978F18E00040F3C /* him.icns */,
				0DE74BFD1978EC6A00040F3C /* him.png */,
			);
			name = images;
			sourceTree = "<group>";
		};
/* End PBXGroup section */

/* Begin PBXNativeTarget section */
		8D1107260486CEB800E47090 /* hallelujah */ = {
			isa = PBXNativeTarget;
			buildConfigurationList = C01FCF4A08A954540054247B /* Build configuration list for PBXNativeTarget "hallelujah" */;
			buildPhases = (
				E76BAAB332AD8608D185D1F3 /* [CP] Check Pods Manifest.lock */,
				8D1107290486CEB800E47090 /* Resources */,
				8D11072C0486CEB800E47090 /* Sources */,
				8D11072E0486CEB800E47090 /* Frameworks */,
				D0ABD044018E367C7063F78E /* [CP] Embed Pods Frameworks */,
				BB7D1122D0516667B50FCD8F /* [CP] Copy Pods Resources */,
			);
			buildRules = (
			);
			dependencies = (
			);
			name = hallelujah;
			productInstallPath = "$(HOME)/Applications";
			productName = NumberInput;
			productReference = 8D1107320486CEB800E47090 /* hallelujah.app */;
			productType = "com.apple.product-type.application";
		};
/* End PBXNativeTarget section */

/* Begin PBXProject section */
		29B97313FDCFA39411CA2CEA /* Project object */ = {
			isa = PBXProject;
			attributes = {
				LastUpgradeCheck = 0720;
			};
			buildConfigurationList = C01FCF4E08A954540054247B /* Build configuration list for PBXProject "hallelujah" */;
			compatibilityVersion = "Xcode 3.2";
			developmentRegion = English;
			hasScannedForEncodings = 1;
			knownRegions = (
				English,
				en,
			);
			mainGroup = 29B97314FDCFA39411CA2CEA /* NumberInput */;
			productRefGroup = 19C28FACFE9D520D11CA2CBB /* Products */;
			projectDirPath = "";
			projectRoot = "";
			targets = (
				8D1107260486CEB800E47090 /* hallelujah */,
			);
		};
/* End PBXProject section */

/* Begin PBXResourcesBuildPhase section */
		8D1107290486CEB800E47090 /* Resources */ = {
			isa = PBXResourcesBuildPhase;
			buildActionMask = 2147483647;
			files = (
				0DE74BFE1978EC6A00040F3C /* him.png in Resources */,
				F174745F1FDC2C9400AD2B84 /* cedict.json in Resources */,
				389468CB1F56A34A00EF1F5E /* web in Resources */,
				F102C5A61F487DE80005B03F /* google_227800_words.bin in Resources */,
				0D2BFD8F194588F400DE18D9 /* Images.xcassets in Resources */,
				38DD401A1F5800A400A276CB /* PreferencesMenu.xib in Resources */,
				38133A1D22C9AF0D004960E3 /* AnnotationWindow.nib in Resources */,
				3843EC702283BE8E00F52003 /* words_with_frequency_and_translation_and_ipa.json in Resources */,
				0DE74C001978F18E00040F3C /* him.icns in Resources */,
				8D11072B0486CEB800E47090 /* InfoPlist.strings in Resources */,
			);
			runOnlyForDeploymentPostprocessing = 0;
		};
/* End PBXResourcesBuildPhase section */

/* Begin PBXShellScriptBuildPhase section */
		BB7D1122D0516667B50FCD8F /* [CP] Copy Pods Resources */ = {
			isa = PBXShellScriptBuildPhase;
			buildActionMask = 2147483647;
			files = (
			);
			inputPaths = (
			);
			name = "[CP] Copy Pods Resources";
			outputPaths = (
			);
			runOnlyForDeploymentPostprocessing = 0;
			shellPath = /bin/sh;
			shellScript = "\"${SRCROOT}/Pods/Target Support Files/Pods-hallelujah/Pods-hallelujah-resources.sh\"\n";
			showEnvVarsInLog = 0;
		};
		D0ABD044018E367C7063F78E /* [CP] Embed Pods Frameworks */ = {
			isa = PBXShellScriptBuildPhase;
			buildActionMask = 2147483647;
			files = (
			);
			inputPaths = (
			);
			name = "[CP] Embed Pods Frameworks";
			outputPaths = (
			);
			runOnlyForDeploymentPostprocessing = 0;
			shellPath = /bin/sh;
			shellScript = "\"${SRCROOT}/Pods/Target Support Files/Pods-hallelujah/Pods-hallelujah-frameworks.sh\"\n";
			showEnvVarsInLog = 0;
		};
		E76BAAB332AD8608D185D1F3 /* [CP] Check Pods Manifest.lock */ = {
			isa = PBXShellScriptBuildPhase;
			buildActionMask = 2147483647;
			files = (
			);
			inputPaths = (
				"${PODS_PODFILE_DIR_PATH}/Podfile.lock",
				"${PODS_ROOT}/Manifest.lock",
			);
			name = "[CP] Check Pods Manifest.lock";
			outputPaths = (
				"$(DERIVED_FILE_DIR)/Pods-hallelujah-checkManifestLockResult.txt",
			);
			runOnlyForDeploymentPostprocessing = 0;
			shellPath = /bin/sh;
			shellScript = "diff \"${PODS_PODFILE_DIR_PATH}/Podfile.lock\" \"${PODS_ROOT}/Manifest.lock\" > /dev/null\nif [ $? != 0 ] ; then\n    # print error to STDERR\n    echo \"error: The sandbox is not in sync with the Podfile.lock. Run 'pod install' or update your CocoaPods installation.\" >&2\n    exit 1\nfi\n# This output is used by Xcode 'outputs' to avoid re-running this script phase.\necho \"SUCCESS\" > \"${SCRIPT_OUTPUT_FILE_0}\"\n";
			showEnvVarsInLog = 0;
		};
/* End PBXShellScriptBuildPhase section */

/* Begin PBXSourcesBuildPhase section */
		8D11072C0486CEB800E47090 /* Sources */ = {
			isa = PBXSourcesBuildPhase;
			buildActionMask = 2147483647;
			files = (
				F102C5AA1F4882C80005B03F /* main.mm in Sources */,
				3804D23720F2FC2A00CF1BD9 /* NSScreen+PointConversion.m in Sources */,
				389468D61F57C8CE00EF1F5E /* InputApplicationDelegate.m in Sources */,
				F102C5AC1F4882D30005B03F /* InputController.mm in Sources */,
				F109B4911E1A83AF00AA7A41 /* AnnotationWinController.m in Sources */,
				381CD8C622C60D610098764F /* WebServer.m in Sources */,
			);
			runOnlyForDeploymentPostprocessing = 0;
		};
/* End PBXSourcesBuildPhase section */

/* Begin PBXVariantGroup section */
		089C165CFE840E0CC02AAC07 /* InfoPlist.strings */ = {
			isa = PBXVariantGroup;
			children = (
				089C165DFE840E0CC02AAC07 /* English */,
			);
			name = InfoPlist.strings;
			sourceTree = "<group>";
		};
		38133A1B22C9AF0D004960E3 /* AnnotationWindow.nib */ = {
			isa = PBXVariantGroup;
			children = (
				38133A1C22C9AF0D004960E3 /* English */,
			);
			name = AnnotationWindow.nib;
			sourceTree = "<group>";
		};
/* End PBXVariantGroup section */

/* Begin XCBuildConfiguration section */
		C01FCF4B08A954540054247B /* Debug */ = {
			isa = XCBuildConfiguration;
			baseConfigurationReference = 0F9B2D528219BB1952DEBE74 /* Pods-hallelujah.debug.xcconfig */;
			buildSettings = {
				CLANG_ENABLE_OBJC_ARC = YES;
				COMBINE_HIDPI_IMAGES = YES;
				COPY_PHASE_STRIP = NO;
				GCC_DYNAMIC_NO_PIC = NO;
				GCC_ENABLE_FIX_AND_CONTINUE = YES;
				GCC_MODEL_TUNING = G5;
				GCC_OPTIMIZATION_LEVEL = 0;
				"HEADER_SEARCH_PATHS[arch=*]" = $SOURCE_ROOT/include;
				INFOPLIST_FILE = Info.plist;
				INSTALL_PATH = "\"$(LOCAL_LIBRARY_DIR)/Input Methods/\"";
				LIBRARY_SEARCH_PATHS = (
					"$(inherited)",
					"$(PROJECT_DIR)/lib",
				);
				MACOSX_DEPLOYMENT_TARGET = 10.9;
				PRODUCT_BUNDLE_IDENTIFIER = im.session.inputmethod.hallelujahInputMethod;
				PRODUCT_NAME = hallelujah;
				WRAPPER_EXTENSION = app;
				ZERO_LINK = YES;
			};
			name = Debug;
		};
		C01FCF4C08A954540054247B /* Release */ = {
			isa = XCBuildConfiguration;
			baseConfigurationReference = C821F631E5B6762735CA76CB /* Pods-hallelujah.release.xcconfig */;
			buildSettings = {
				CLANG_ENABLE_OBJC_ARC = YES;
				COMBINE_HIDPI_IMAGES = YES;
				GCC_GENERATE_DEBUGGING_SYMBOLS = NO;
				GCC_MODEL_TUNING = G5;
				"HEADER_SEARCH_PATHS[arch=*]" = $SOURCE_ROOT/include;
				INFOPLIST_FILE = Info.plist;
				INSTALL_PATH = "$(HOME)/Applications";
				LIBRARY_SEARCH_PATHS = (
					"$(inherited)",
					"$(PROJECT_DIR)/lib",
				);
				MACOSX_DEPLOYMENT_TARGET = 10.9;
				ONLY_ACTIVE_ARCH = YES;
				PRODUCT_BUNDLE_IDENTIFIER = im.session.inputmethod.hallelujahInputMethod;
				PRODUCT_NAME = hallelujah;
				WRAPPER_EXTENSION = app;
			};
			name = Release;
		};
		C01FCF4F08A954540054247B /* Debug */ = {
			isa = XCBuildConfiguration;
			buildSettings = {
				ENABLE_TESTABILITY = YES;
				GCC_WARN_ABOUT_RETURN_TYPE = YES;
				GCC_WARN_UNUSED_VARIABLE = YES;
				ONLY_ACTIVE_ARCH = YES;
				PREBINDING = NO;
			};
			name = Debug;
		};
		C01FCF5008A954540054247B /* Release */ = {
			isa = XCBuildConfiguration;
			buildSettings = {
				GCC_WARN_ABOUT_RETURN_TYPE = YES;
				GCC_WARN_UNUSED_VARIABLE = YES;
				ONLY_ACTIVE_ARCH = YES;
				PREBINDING = NO;
			};
			name = Release;
		};
/* End XCBuildConfiguration section */

/* Begin XCConfigurationList section */
		C01FCF4A08A954540054247B /* Build configuration list for PBXNativeTarget "hallelujah" */ = {
			isa = XCConfigurationList;
			buildConfigurations = (
				C01FCF4B08A954540054247B /* Debug */,
				C01FCF4C08A954540054247B /* Release */,
			);
			defaultConfigurationIsVisible = 0;
			defaultConfigurationName = Release;
		};
		C01FCF4E08A954540054247B /* Build configuration list for PBXProject "hallelujah" */ = {
			isa = XCConfigurationList;
			buildConfigurations = (
				C01FCF4F08A954540054247B /* Debug */,
				C01FCF5008A954540054247B /* Release */,
			);
			defaultConfigurationIsVisible = 0;
			defaultConfigurationName = Release;
		};
/* End XCConfigurationList section */
	};
	rootObject = 29B97313FDCFA39411CA2CEA /* Project object */;
}
